// !$*UTF8*$!
{
	archiveVersion = 1;
	classes = {
	};
	objectVersion = 55;
	objects = {

/* Begin PBXBuildFile section */
		2588C9442A090DCF002F7EC7 /* AppDelegate.swift in Sources */ = {isa = PBXBuildFile; fileRef = 2588C9432A090DCF002F7EC7 /* AppDelegate.swift */; };
		2588C9462A090DCF002F7EC7 /* SceneDelegate.swift in Sources */ = {isa = PBXBuildFile; fileRef = 2588C9452A090DCF002F7EC7 /* SceneDelegate.swift */; };
		2588C9482A090DCF002F7EC7 /* ViewController.swift in Sources */ = {isa = PBXBuildFile; fileRef = 2588C9472A090DCF002F7EC7 /* ViewController.swift */; };
		2588C94B2A090DCF002F7EC7 /* Main.storyboard in Resources */ = {isa = PBXBuildFile; fileRef = 2588C9492A090DCF002F7EC7 /* Main.storyboard */; };
		2588C94D2A090DD1002F7EC7 /* Assets.xcassets in Resources */ = {isa = PBXBuildFile; fileRef = 2588C94C2A090DD1002F7EC7 /* Assets.xcassets */; };
		2588C9502A090DD1002F7EC7 /* LaunchScreen.storyboard in Resources */ = {isa = PBXBuildFile; fileRef = 2588C94E2A090DD1002F7EC7 /* LaunchScreen.storyboard */; };
		2588C95B2A090DD1002F7EC7 /* SagmentationnTests.swift in Sources */ = {isa = PBXBuildFile; fileRef = 2588C95A2A090DD1002F7EC7 /* SagmentationnTests.swift */; };
		2588C9652A090DD1002F7EC7 /* SagmentationnUITests.swift in Sources */ = {isa = PBXBuildFile; fileRef = 2588C9642A090DD1002F7EC7 /* SagmentationnUITests.swift */; };
		2588C9672A090DD1002F7EC7 /* SagmentationnUITestsLaunchTests.swift in Sources */ = {isa = PBXBuildFile; fileRef = 2588C9662A090DD1002F7EC7 /* SagmentationnUITestsLaunchTests.swift */; };
/* End PBXBuildFile section */

/* Begin PBXContainerItemProxy section */
		2588C9572A090DD1002F7EC7 /* PBXContainerItemProxy */ = {
			isa = PBXContainerItemProxy;
			containerPortal = 2588C9382A090DCF002F7EC7 /* Project object */;
			proxyType = 1;
			remoteGlobalIDString = 2588C93F2A090DCF002F7EC7;
			remoteInfo = Sagmentationn;
		};
		2588C9612A090DD1002F7EC7 /* PBXContainerItemProxy */ = {
			isa = PBXContainerItemProxy;
			containerPortal = 2588C9382A090DCF002F7EC7 /* Project object */;
			proxyType = 1;
			remoteGlobalIDString = 2588C93F2A090DCF002F7EC7;
			remoteInfo = Sagmentationn;
		};
/* End PBXContainerItemProxy section */

/* Begin PBXFileReference section */
		2588C9402A090DCF002F7EC7 /* Sagmentationn.app */ = {isa = PBXFileReference; explicitFileType = wrapper.application; includeInIndex = 0; path = Sagmentationn.app; sourceTree = BUILT_PRODUCTS_DIR; };
		2588C9432A090DCF002F7EC7 /* AppDelegate.swift */ = {isa = PBXFileReference; lastKnownFileType = sourcecode.swift; path = AppDelegate.swift; sourceTree = "<group>"; };
		2588C9452A090DCF002F7EC7 /* SceneDelegate.swift */ = {isa = PBXFileReference; lastKnownFileType = sourcecode.swift; path = SceneDelegate.swift; sourceTree = "<group>"; };
		2588C9472A090DCF002F7EC7 /* ViewController.swift */ = {isa = PBXFileReference; lastKnownFileType = sourcecode.swift; path = ViewController.swift; sourceTree = "<group>"; };
		2588C94A2A090DCF002F7EC7 /* Base */ = {isa = PBXFileReference; lastKnownFileType = file.storyboard; name = Base; path = Base.lproj/Main.storyboard; sourceTree = "<group>"; };
		2588C94C2A090DD1002F7EC7 /* Assets.xcassets */ = {isa = PBXFileReference; lastKnownFileType = folder.assetcatalog; path = Assets.xcassets; sourceTree = "<group>"; };
		2588C94F2A090DD1002F7EC7 /* Base */ = {isa = PBXFileReference; lastKnownFileType = file.storyboard; name = Base; path = Base.lproj/LaunchScreen.storyboard; sourceTree = "<group>"; };
		2588C9512A090DD1002F7EC7 /* Info.plist */ = {isa = PBXFileReference; lastKnownFileType = text.plist.xml; path = Info.plist; sourceTree = "<group>"; };
		2588C9562A090DD1002F7EC7 /* SagmentationnTests.xctest */ = {isa = PBXFileReference; explicitFileType = wrapper.cfbundle; includeInIndex = 0; path = SagmentationnTests.xctest; sourceTree = BUILT_PRODUCTS_DIR; };
		2588C95A2A090DD1002F7EC7 /* SagmentationnTests.swift */ = {isa = PBXFileReference; lastKnownFileType = sourcecode.swift; path = SagmentationnTests.swift; sourceTree = "<group>"; };
		2588C9602A090DD1002F7EC7 /* SagmentationnUITests.xctest */ = {isa = PBXFileReference; explicitFileType = wrapper.cfbundle; includeInIndex = 0; path = SagmentationnUITests.xctest; sourceTree = BUILT_PRODUCTS_DIR; };
		2588C9642A090DD1002F7EC7 /* SagmentationnUITests.swift */ = {isa = PBXFileReference; lastKnownFileType = sourcecode.swift; path = SagmentationnUITests.swift; sourceTree = "<group>"; };
		2588C9662A090DD1002F7EC7 /* SagmentationnUITestsLaunchTests.swift */ = {isa = PBXFileReference; lastKnownFileType = sourcecode.swift; path = SagmentationnUITestsLaunchTests.swift; sourceTree = "<group>"; };
/* End PBXFileReference section */

/* Begin PBXFrameworksBuildPhase section */
		2588C93D2A090DCF002F7EC7 /* Frameworks */ = {
			isa = PBXFrameworksBuildPhase;
			buildActionMask = 2147483647;
			files = (
			);
			runOnlyForDeploymentPostprocessing = 0;
		};
		2588C9532A090DD1002F7EC7 /* Frameworks */ = {
			isa = PBXFrameworksBuildPhase;
			buildActionMask = 2147483647;
			files = (
			);
			runOnlyForDeploymentPostprocessing = 0;
		};
		2588C95D2A090DD1002F7EC7 /* Frameworks */ = {
			isa = PBXFrameworksBuildPhase;
			buildActionMask = 2147483647;
			files = (
			);
			runOnlyForDeploymentPostprocessing = 0;
		};
/* End PBXFrameworksBuildPhase section */

/* Begin PBXGroup section */
		2588C9372A090DCF002F7EC7 = {
			isa = PBXGroup;
			children = (
				2588C9422A090DCF002F7EC7 /* Sagmentationn */,
				2588C9592A090DD1002F7EC7 /* SagmentationnTests */,
				2588C9632A090DD1002F7EC7 /* SagmentationnUITests */,
				2588C9412A090DCF002F7EC7 /* Products */,
			);
			sourceTree = "<group>";
		};
		2588C9412A090DCF002F7EC7 /* Products */ = {
			isa = PBXGroup;
			children = (
				2588C9402A090DCF002F7EC7 /* Sagmentationn.app */,
				2588C9562A090DD1002F7EC7 /* SagmentationnTests.xctest */,
				2588C9602A090DD1002F7EC7 /* SagmentationnUITests.xctest */,
			);
			name = Products;
			sourceTree = "<group>";
		};
		2588C9422A090DCF002F7EC7 /* Sagmentationn */ = {
			isa = PBXGroup;
			children = (
				2588C9432A090DCF002F7EC7 /* AppDelegate.swift */,
				2588C9452A090DCF002F7EC7 /* SceneDelegate.swift */,
				2588C9472A090DCF002F7EC7 /* ViewController.swift */,
				2588C9492A090DCF002F7EC7 /* Main.storyboard */,
				2588C94C2A090DD1002F7EC7 /* Assets.xcassets */,
				2588C94E2A090DD1002F7EC7 /* LaunchScreen.storyboard */,
				2588C9512A090DD1002F7EC7 /* Info.plist */,
			);
			path = Sagmentationn;
			sourceTree = "<group>";
		};
		2588C9592A090DD1002F7EC7 /* SagmentationnTests */ = {
			isa = PBXGroup;
			children = (
				2588C95A2A090DD1002F7EC7 /* SagmentationnTests.swift */,
			);
			path = SagmentationnTests;
			sourceTree = "<group>";
		};
		2588C9632A090DD1002F7EC7 /* SagmentationnUITests */ = {
			isa = PBXGroup;
			children = (
				2588C9642A090DD1002F7EC7 /* SagmentationnUITests.swift */,
				2588C9662A090DD1002F7EC7 /* SagmentationnUITestsLaunchTests.swift */,
			);
			path = SagmentationnUITests;
			sourceTree = "<group>";
		};
/* End PBXGroup section */

/* Begin PBXNativeTarget section */
		2588C93F2A090DCF002F7EC7 /* Sagmentationn */ = {
			isa = PBXNativeTarget;
			buildConfigurationList = 2588C96A2A090DD1002F7EC7 /* Build configuration list for PBXNativeTarget "Sagmentationn" */;
			buildPhases = (
				2588C93C2A090DCF002F7EC7 /* Sources */,
				2588C93D2A090DCF002F7EC7 /* Frameworks */,
				2588C93E2A090DCF002F7EC7 /* Resources */,
			);
			buildRules = (
			);
			dependencies = (
			);
			name = Sagmentationn;
			productName = Sagmentationn;
			productReference = 2588C9402A090DCF002F7EC7 /* Sagmentationn.app */;
			productType = "com.apple.product-type.application";
		};
		2588C9552A090DD1002F7EC7 /* SagmentationnTests */ = {
			isa = PBXNativeTarget;
			buildConfigurationList = 2588C96D2A090DD1002F7EC7 /* Build configuration list for PBXNativeTarget "SagmentationnTests" */;
			buildPhases = (
				2588C9522A090DD1002F7EC7 /* Sources */,
				2588C9532A090DD1002F7EC7 /* Frameworks */,
				2588C9542A090DD1002F7EC7 /* Resources */,
			);
			buildRules = (
			);
			dependencies = (
				2588C9582A090DD1002F7EC7 /* PBXTargetDependency */,
			);
			name = SagmentationnTests;
			productName = SagmentationnTests;
			productReference = 2588C9562A090DD1002F7EC7 /* SagmentationnTests.xctest */;
			productType = "com.apple.product-type.bundle.unit-test";
		};
		2588C95F2A090DD1002F7EC7 /* SagmentationnUITests */ = {
			isa = PBXNativeTarget;
			buildConfigurationList = 2588C9702A090DD1002F7EC7 /* Build configuration list for PBXNativeTarget "SagmentationnUITests" */;
			buildPhases = (
				2588C95C2A090DD1002F7EC7 /* Sources */,
				2588C95D2A090DD1002F7EC7 /* Frameworks */,
				2588C95E2A090DD1002F7EC7 /* Resources */,
			);
			buildRules = (
			);
			dependencies = (
				2588C9622A090DD1002F7EC7 /* PBXTargetDependency */,
			);
			name = SagmentationnUITests;
			productName = SagmentationnUITests;
			productReference = 2588C9602A090DD1002F7EC7 /* SagmentationnUITests.xctest */;
			productType = "com.apple.product-type.bundle.ui-testing";
		};
/* End PBXNativeTarget section */

/* Begin PBXProject section */
		2588C9382A090DCF002F7EC7 /* Project object */ = {
			isa = PBXProject;
			attributes = {
				BuildIndependentTargetsInParallel = 1;
				LastSwiftUpdateCheck = 1310;
				LastUpgradeCheck = 1310;
				TargetAttributes = {
					2588C93F2A090DCF002F7EC7 = {
						CreatedOnToolsVersion = 13.1;
					};
					2588C9552A090DD1002F7EC7 = {
						CreatedOnToolsVersion = 13.1;
						TestTargetID = 2588C93F2A090DCF002F7EC7;
					};
					2588C95F2A090DD1002F7EC7 = {
						CreatedOnToolsVersion = 13.1;
						TestTargetID = 2588C93F2A090DCF002F7EC7;
					};
				};
			};
			buildConfigurationList = 2588C93B2A090DCF002F7EC7 /* Build configuration list for PBXProject "Sagmentationn" */;
			compatibilityVersion = "Xcode 13.0";
			developmentRegion = en;
			hasScannedForEncodings = 0;
			knownRegions = (
				en,
				Base,
			);
			mainGroup = 2588C9372A090DCF002F7EC7;
			productRefGroup = 2588C9412A090DCF002F7EC7 /* Products */;
			projectDirPath = "";
			projectRoot = "";
			targets = (
				2588C93F2A090DCF002F7EC7 /* Sagmentationn */,
				2588C9552A090DD1002F7EC7 /* SagmentationnTests */,
				2588C95F2A090DD1002F7EC7 /* SagmentationnUITests */,
			);
		};
/* End PBXProject section */

/* Begin PBXResourcesBuildPhase section */
		2588C93E2A090DCF002F7EC7 /* Resources */ = {
			isa = PBXResourcesBuildPhase;
			buildActionMask = 2147483647;
			files = (
				2588C9502A090DD1002F7EC7 /* LaunchScreen.storyboard in Resources */,
				2588C94D2A090DD1002F7EC7 /* Assets.xcassets in Resources */,
				2588C94B2A090DCF002F7EC7 /* Main.storyboard in Resources */,
			);
			runOnlyForDeploymentPostprocessing = 0;
		};
		2588C9542A090DD1002F7EC7 /* Resources */ = {
			isa = PBXResourcesBuildPhase;
			buildActionMask = 2147483647;
			files = (
			);
			runOnlyForDeploymentPostprocessing = 0;
		};
		2588C95E2A090DD1002F7EC7 /* Resources */ = {
			isa = PBXResourcesBuildPhase;
			buildActionMask = 2147483647;
			files = (
			);
			runOnlyForDeploymentPostprocessing = 0;
		};
/* End PBXResourcesBuildPhase section */

/* Begin PBXSourcesBuildPhase section */
		2588C93C2A090DCF002F7EC7 /* Sources */ = {
			isa = PBXSourcesBuildPhase;
			buildActionMask = 2147483647;
			files = (
				2588C9482A090DCF002F7EC7 /* ViewController.swift in Sources */,
				2588C9442A090DCF002F7EC7 /* AppDelegate.swift in Sources */,
				2588C9462A090DCF002F7EC7 /* SceneDelegate.swift in Sources */,
			);
			runOnlyForDeploymentPostprocessing = 0;
		};
		2588C9522A090DD1002F7EC7 /* Sources */ = {
			isa = PBXSourcesBuildPhase;
			buildActionMask = 2147483647;
			files = (
				2588C95B2A090DD1002F7EC7 /* SagmentationnTests.swift in Sources */,
			);
			runOnlyForDeploymentPostprocessing = 0;
		};
		2588C95C2A090DD1002F7EC7 /* Sources */ = {
			isa = PBXSourcesBuildPhase;
			buildActionMask = 2147483647;
			files = (
				2588C9652A090DD1002F7EC7 /* SagmentationnUITests.swift in Sources */,
				2588C9672A090DD1002F7EC7 /* SagmentationnUITestsLaunchTests.swift in Sources */,
			);
			runOnlyForDeploymentPostprocessing = 0;
		};
/* End PBXSourcesBuildPhase section */

/* Begin PBXTargetDependency section */
		2588C9582A090DD1002F7EC7 /* PBXTargetDependency */ = {
			isa = PBXTargetDependency;
			target = 2588C93F2A090DCF002F7EC7 /* Sagmentationn */;
			targetProxy = 2588C9572A090DD1002F7EC7 /* PBXContainerItemProxy */;
		};
		2588C9622A090DD1002F7EC7 /* PBXTargetDependency */ = {
			isa = PBXTargetDependency;
			target = 2588C93F2A090DCF002F7EC7 /* Sagmentationn */;
			targetProxy = 2588C9612A090DD1002F7EC7 /* PBXContainerItemProxy */;
		};
/* End PBXTargetDependency section */

/* Begin PBXVariantGroup section */
		2588C9492A090DCF002F7EC7 /* Main.storyboard */ = {
			isa = PBXVariantGroup;
			children = (
				2588C94A2A090DCF002F7EC7 /* Base */,
			);
			name = Main.storyboard;
			sourceTree = "<group>";
		};
		2588C94E2A090DD1002F7EC7 /* LaunchScreen.storyboard */ = {
			isa = PBXVariantGroup;
			children = (
				2588C94F2A090DD1002F7EC7 /* Base */,
			);
			name = LaunchScreen.storyboard;
			sourceTree = "<group>";
		};
/* End PBXVariantGroup section */

/* Begin XCBuildConfiguration section */
		2588C9682A090DD1002F7EC7 /* Debug */ = {
			isa = XCBuildConfiguration;
			buildSettings = {
				ALWAYS_SEARCH_USER_PATHS = NO;
				CLANG_ANALYZER_NONNULL = YES;
				CLANG_ANALYZER_NUMBER_OBJECT_CONVERSION = YES_AGGRESSIVE;
				CLANG_CXX_LANGUAGE_STANDARD = "gnu++17";
				CLANG_CXX_LIBRARY = "libc++";
				CLANG_ENABLE_MODULES = YES;
				CLANG_ENABLE_OBJC_ARC = YES;
				CLANG_ENABLE_OBJC_WEAK = YES;
				CLANG_WARN_BLOCK_CAPTURE_AUTORELEASING = YES;
				CLANG_WARN_BOOL_CONVERSION = YES;
				CLANG_WARN_COMMA = YES;
				CLANG_WARN_CONSTANT_CONVERSION = YES;
				CLANG_WARN_DEPRECATED_OBJC_IMPLEMENTATIONS = YES;
				CLANG_WARN_DIRECT_OBJC_ISA_USAGE = YES_ERROR;
				CLANG_WARN_DOCUMENTATION_COMMENTS = YES;
				CLANG_WARN_EMPTY_BODY = YES;
				CLANG_WARN_ENUM_CONVERSION = YES;
				CLANG_WARN_INFINITE_RECURSION = YES;
				CLANG_WARN_INT_CONVERSION = YES;
				CLANG_WARN_NON_LITERAL_NULL_CONVERSION = YES;
				CLANG_WARN_OBJC_IMPLICIT_RETAIN_SELF = YES;
				CLANG_WARN_OBJC_LITERAL_CONVERSION = YES;
				CLANG_WARN_OBJC_ROOT_CLASS = YES_ERROR;
				CLANG_WARN_QUOTED_INCLUDE_IN_FRAMEWORK_HEADER = YES;
				CLANG_WARN_RANGE_LOOP_ANALYSIS = YES;
				CLANG_WARN_STRICT_PROTOTYPES = YES;
				CLANG_WARN_SUSPICIOUS_MOVE = YES;
				CLANG_WARN_UNGUARDED_AVAILABILITY = YES_AGGRESSIVE;
				CLANG_WARN_UNREACHABLE_CODE = YES;
				CLANG_WARN__DUPLICATE_METHOD_MATCH = YES;
				COPY_PHASE_STRIP = NO;
				DEBUG_INFORMATION_FORMAT = dwarf;
				ENABLE_STRICT_OBJC_MSGSEND = YES;
				ENABLE_TESTABILITY = YES;
				GCC_C_LANGUAGE_STANDARD = gnu11;
				GCC_DYNAMIC_NO_PIC = NO;
				GCC_NO_COMMON_BLOCKS = YES;
				GCC_OPTIMIZATION_LEVEL = 0;
				GCC_PREPROCESSOR_DEFINITIONS = (
					"DEBUG=1",
					"$(inherited)",
				);
				GCC_WARN_64_TO_32_BIT_CONVERSION = YES;
				GCC_WARN_ABOUT_RETURN_TYPE = YES_ERROR;
				GCC_WARN_UNDECLARED_SELECTOR = YES;
				GCC_WARN_UNINITIALIZED_AUTOS = YES_AGGRESSIVE;
				GCC_WARN_UNUSED_FUNCTION = YES;
				GCC_WARN_UNUSED_VARIABLE = YES;
				IPHONEOS_DEPLOYMENT_TARGET = 15.0;
				MTL_ENABLE_DEBUG_INFO = INCLUDE_SOURCE;
				MTL_FAST_MATH = YES;
				ONLY_ACTIVE_ARCH = YES;
				SDKROOT = iphoneos;
				SWIFT_ACTIVE_COMPILATION_CONDITIONS = DEBUG;
				SWIFT_OPTIMIZATION_LEVEL = "-Onone";
			};
			name = Debug;
		};
		2588C9692A090DD1002F7EC7 /* Release */ = {
			isa = XCBuildConfiguration;
			buildSettings = {
				ALWAYS_SEARCH_USER_PATHS = NO;
				CLANG_ANALYZER_NONNULL = YES;
				CLANG_ANALYZER_NUMBER_OBJECT_CONVERSION = YES_AGGRESSIVE;
				CLANG_CXX_LANGUAGE_STANDARD = "gnu++17";
				CLANG_CXX_LIBRARY = "libc++";
				CLANG_ENABLE_MODULES = YES;
				CLANG_ENABLE_OBJC_ARC = YES;
				CLANG_ENABLE_OBJC_WEAK = YES;
				CLANG_WARN_BLOCK_CAPTURE_AUTORELEASING = YES;
				CLANG_WARN_BOOL_CONVERSION = YES;
				CLANG_WARN_COMMA = YES;
				CLANG_WARN_CONSTANT_CONVERSION = YES;
				CLANG_WARN_DEPRECATED_OBJC_IMPLEMENTATIONS = YES;
				CLANG_WARN_DIRECT_OBJC_ISA_USAGE = YES_ERROR;
				CLANG_WARN_DOCUMENTATION_COMMENTS = YES;
				CLANG_WARN_EMPTY_BODY = YES;
				CLANG_WARN_ENUM_CONVERSION = YES;
				CLANG_WARN_INFINITE_RECURSION = YES;
				CLANG_WARN_INT_CONVERSION = YES;
				CLANG_WARN_NON_LITERAL_NULL_CONVERSION = YES;
				CLANG_WARN_OBJC_IMPLICIT_RETAIN_SELF = YES;
				CLANG_WARN_OBJC_LITERAL_CONVERSION = YES;
				CLANG_WARN_OBJC_ROOT_CLASS = YES_ERROR;
				CLANG_WARN_QUOTED_INCLUDE_IN_FRAMEWORK_HEADER = YES;
				CLANG_WARN_RANGE_LOOP_ANALYSIS = YES;
				CLANG_WARN_STRICT_PROTOTYPES = YES;
				CLANG_WARN_SUSPICIOUS_MOVE = YES;
				CLANG_WARN_UNGUARDED_AVAILABILITY = YES_AGGRESSIVE;
				CLANG_WARN_UNREACHABLE_CODE = YES;
				CLANG_WARN__DUPLICATE_METHOD_MATCH = YES;
				COPY_PHASE_STRIP = NO;
				DEBUG_INFORMATION_FORMAT = "dwarf-with-dsym";
				ENABLE_NS_ASSERTIONS = NO;
				ENABLE_STRICT_OBJC_MSGSEND = YES;
				GCC_C_LANGUAGE_STANDARD = gnu11;
				GCC_NO_COMMON_BLOCKS = YES;
				GCC_WARN_64_TO_32_BIT_CONVERSION = YES;
				GCC_WARN_ABOUT_RETURN_TYPE = YES_ERROR;
				GCC_WARN_UNDECLARED_SELECTOR = YES;
				GCC_WARN_UNINITIALIZED_AUTOS = YES_AGGRESSIVE;
				GCC_WARN_UNUSED_FUNCTION = YES;
				GCC_WARN_UNUSED_VARIABLE = YES;
				IPHONEOS_DEPLOYMENT_TARGET = 15.0;
				MTL_ENABLE_DEBUG_INFO = NO;
				MTL_FAST_MATH = YES;
				SDKROOT = iphoneos;
				SWIFT_COMPILATION_MODE = wholemodule;
				SWIFT_OPTIMIZATION_LEVEL = "-O";
				VALIDATE_PRODUCT = YES;
			};
			name = Release;
		};
		2588C96B2A090DD1002F7EC7 /* Debug */ = {
			isa = XCBuildConfiguration;
			buildSettings = {
				ASSETCATALOG_COMPILER_APPICON_NAME = AppIcon;
				ASSETCATALOG_COMPILER_GLOBAL_ACCENT_COLOR_NAME = AccentColor;
				CODE_SIGN_STYLE = Automatic;
				CURRENT_PROJECT_VERSION = 1;
				DEVELOPMENT_TEAM = 3K452862FK;
				GENERATE_INFOPLIST_FILE = YES;
				INFOPLIST_FILE = Sagmentationn/Info.plist;
				INFOPLIST_KEY_UIApplicationSupportsIndirectInputEvents = YES;
				INFOPLIST_KEY_UILaunchStoryboardName = LaunchScreen;
				INFOPLIST_KEY_UIMainStoryboardFile = Main;
				INFOPLIST_KEY_UISupportedInterfaceOrientations_iPad = "UIInterfaceOrientationPortrait UIInterfaceOrientationPortraitUpsideDown UIInterfaceOrientationLandscapeLeft UIInterfaceOrientationLandscapeRight";
				INFOPLIST_KEY_UISupportedInterfaceOrientations_iPhone = "UIInterfaceOrientationPortrait UIInterfaceOrientationLandscapeLeft UIInterfaceOrientationLandscapeRight";
				LD_RUNPATH_SEARCH_PATHS = (
					"$(inherited)",
					"@executable_path/Frameworks",
				);
				MARKETING_VERSION = 1.0;
				PRODUCT_BUNDLE_IDENTIFIER = com.tht.Sagmentationn;
				PRODUCT_NAME = "$(TARGET_NAME)";
				SWIFT_EMIT_LOC_STRINGS = YES;
				SWIFT_VERSION = 5.0;
				TARGETED_DEVICE_FAMILY = "1,2";
			};
			name = Debug;
		};
		2588C96C2A090DD1002F7EC7 /* Release */ = {
			isa = XCBuildConfiguration;
			buildSettings = {
				ASSETCATALOG_COMPILER_APPICON_NAME = AppIcon;
				ASSETCATALOG_COMPILER_GLOBAL_ACCENT_COLOR_NAME = AccentColor;
				CODE_SIGN_STYLE = Automatic;
				CURRENT_PROJECT_VERSION = 1;
				DEVELOPMENT_TEAM = 3K452862FK;
				GENERATE_INFOPLIST_FILE = YES;
				INFOPLIST_FILE = Sagmentationn/Info.plist;
				INFOPLIST_KEY_UIApplicationSupportsIndirectInputEvents = YES;
				INFOPLIST_KEY_UILaunchStoryboardName = LaunchScreen;
				INFOPLIST_KEY_UIMainStoryboardFile = Main;
				INFOPLIST_KEY_UISupportedInterfaceOrientations_iPad = "UIInterfaceOrientationPortrait UIInterfaceOrientationPortraitUpsideDown UIInterfaceOrientationLandscapeLeft UIInterfaceOrientationLandscapeRight";
				INFOPLIST_KEY_UISupportedInterfaceOrientations_iPhone = "UIInterfaceOrientationPortrait UIInterfaceOrientationLandscapeLeft UIInterfaceOrientationLandscapeRight";
				LD_RUNPATH_SEARCH_PATHS = (
					"$(inherited)",
					"@executable_path/Frameworks",
				);
				MARKETING_VERSION = 1.0;
				PRODUCT_BUNDLE_IDENTIFIER = com.tht.Sagmentationn;
				PRODUCT_NAME = "$(TARGET_NAME)";
				SWIFT_EMIT_LOC_STRINGS = YES;
				SWIFT_VERSION = 5.0;
				TARGETED_DEVICE_FAMILY = "1,2";
			};
			name = Release;
		};
		2588C96E2A090DD1002F7EC7 /* Debug */ = {
			isa = XCBuildConfiguration;
			buildSettings = {
				ALWAYS_EMBED_SWIFT_STANDARD_LIBRARIES = YES;
				BUNDLE_LOADER = "$(TEST_HOST)";
				CODE_SIGN_STYLE = Automatic;
				CURRENT_PROJECT_VERSION = 1;
				DEVELOPMENT_TEAM = 3K452862FK;
				GENERATE_INFOPLIST_FILE = YES;
				IPHONEOS_DEPLOYMENT_TARGET = 15.0;
				LD_RUNPATH_SEARCH_PATHS = (
					"$(inherited)",
					"@executable_path/Frameworks",
					"@loader_path/Frameworks",
				);
				MARKETING_VERSION = 1.0;
				PRODUCT_BUNDLE_IDENTIFIER = com.tht.SagmentationnTests;
				PRODUCT_NAME = "$(TARGET_NAME)";
				SWIFT_EMIT_LOC_STRINGS = NO;
				SWIFT_VERSION = 5.0;
				TARGETED_DEVICE_FAMILY = "1,2";
				TEST_HOST = "$(BUILT_PRODUCTS_DIR)/Sagmentationn.app/Sagmentationn";
			};
			name = Debug;
		};
		2588C96F2A090DD1002F7EC7 /* Release */ = {
			isa = XCBuildConfiguration;
			buildSettings = {
				ALWAYS_EMBED_SWIFT_STANDARD_LIBRARIES = YES;
				BUNDLE_LOADER = "$(TEST_HOST)";
				CODE_SIGN_STYLE = Automatic;
				CURRENT_PROJECT_VERSION = 1;
				DEVELOPMENT_TEAM = 3K452862FK;
				GENERATE_INFOPLIST_FILE = YES;
				IPHONEOS_DEPLOYMENT_TARGET = 15.0;
				LD_RUNPATH_SEARCH_PATHS = (
					"$(inherited)",
					"@executable_path/Frameworks",
					"@loader_path/Frameworks",
				);
				MARKETING_VERSION = 1.0;
				PRODUCT_BUNDLE_IDENTIFIER = com.tht.SagmentationnTests;
				PRODUCT_NAME = "$(TARGET_NAME)";
				SWIFT_EMIT_LOC_STRINGS = NO;
				SWIFT_VERSION = 5.0;
				TARGETED_DEVICE_FAMILY = "1,2";
				TEST_HOST = "$(BUILT_PRODUCTS_DIR)/Sagmentationn.app/Sagmentationn";
			};
			name = Release;
		};
		2588C9712A090DD1002F7EC7 /* Debug */ = {
			isa = XCBuildConfiguration;
			buildSettings = {
				ALWAYS_EMBED_SWIFT_STANDARD_LIBRARIES = YES;
				CODE_SIGN_STYLE = Automatic;
				CURRENT_PROJECT_VERSION = 1;
				DEVELOPMENT_TEAM = 3K452862FK;
				GENERATE_INFOPLIST_FILE = YES;
				LD_RUNPATH_SEARCH_PATHS = (
					"$(inherited)",
					"@executable_path/Frameworks",
					"@loader_path/Frameworks",
				);
				MARKETING_VERSION = 1.0;
				PRODUCT_BUNDLE_IDENTIFIER = com.tht.SagmentationnUITests;
				PRODUCT_NAME = "$(TARGET_NAME)";
				SWIFT_EMIT_LOC_STRINGS = NO;
				SWIFT_VERSION = 5.0;
				TARGETED_DEVICE_FAMILY = "1,2";
				TEST_TARGET_NAME = Sagmentationn;
			};
			name = Debug;
		};
		2588C9722A090DD1002F7EC7 /* Release */ = {
			isa = XCBuildConfiguration;
			buildSettings = {
				ALWAYS_EMBED_SWIFT_STANDARD_LIBRARIES = YES;
				CODE_SIGN_STYLE = Automatic;
				CURRENT_PROJECT_VERSION = 1;
				DEVELOPMENT_TEAM = 3K452862FK;
				GENERATE_INFOPLIST_FILE = YES;
				LD_RUNPATH_SEARCH_PATHS = (
					"$(inherited)",
					"@executable_path/Frameworks",
					"@loader_path/Frameworks",
				);
				MARKETING_VERSION = 1.0;
				PRODUCT_BUNDLE_IDENTIFIER = com.tht.SagmentationnUITests;
				PRODUCT_NAME = "$(TARGET_NAME)";
				SWIFT_EMIT_LOC_STRINGS = NO;
				SWIFT_VERSION = 5.0;
				TARGETED_DEVICE_FAMILY = "1,2";
				TEST_TARGET_NAME = Sagmentationn;
			};
			name = Release;
		};
/* End XCBuildConfiguration section */

/* Begin XCConfigurationList section */
		2588C93B2A090DCF002F7EC7 /* Build configuration list for PBXProject "Sagmentationn" */ = {
			isa = XCConfigurationList;
			buildConfigurations = (
				2588C9682A090DD1002F7EC7 /* Debug */,
				2588C9692A090DD1002F7EC7 /* Release */,
			);
			defaultConfigurationIsVisible = 0;
			defaultConfigurationName = Release;
		};
		2588C96A2A090DD1002F7EC7 /* Build configuration list for PBXNativeTarget "Sagmentationn" */ = {
			isa = XCConfigurationList;
			buildConfigurations = (
				2588C96B2A090DD1002F7EC7 /* Debug */,
				2588C96C2A090DD1002F7EC7 /* Release */,
			);
			defaultConfigurationIsVisible = 0;
			defaultConfigurationName = Release;
		};
		2588C96D2A090DD1002F7EC7 /* Build configuration list for PBXNativeTarget "SagmentationnTests" */ = {
			isa = XCConfigurationList;
			buildConfigurations = (
				2588C96E2A090DD1002F7EC7 /* Debug */,
				2588C96F2A090DD1002F7EC7 /* Release */,
			);
			defaultConfigurationIsVisible = 0;
			defaultConfigurationName = Release;
		};
		2588C9702A090DD1002F7EC7 /* Build configuration list for PBXNativeTarget "SagmentationnUITests" */ = {
			isa = XCConfigurationList;
			buildConfigurations = (
				2588C9712A090DD1002F7EC7 /* Debug */,
				2588C9722A090DD1002F7EC7 /* Release */,
			);
			defaultConfigurationIsVisible = 0;
			defaultConfigurationName = Release;
		};
/* End XCConfigurationList section */
	};
	rootObject = 2588C9382A090DCF002F7EC7 /* Project object */;
}
